
Microsoft Visual Studio Solution File, Format Version 12.00
# Visual Studio Version 16
VisualStudioVersion = 25.0.1704.0
MinimumVisualStudioVersion = 10.0.40219.1
Project("{FAE04EC0-301F-11D3-BF4B-00C04F79EFBC}") = "TicTacToeMultivarse", "TicTacToeMultivarse\TicTacToeMultivarse.csproj", "{5854666F-AA31-489C-BD8A-9FB1BFE7E045}"
EndProject
Project("{FAE04EC0-301F-11D3-BF4B-00C04F79EFBC}") = "Common", "Common\Common.csproj", "{BC15FF3E-9A19-4D8C-811C-EB563D1091F3}"
EndProject
Project("{FAE04EC0-301F-11D3-BF4B-00C04F79EFBC}") = "DataAccess", "DataAccess\DataAccess.csproj", "{C6504EC4-D416-492C-A774-AFB6B17A51B4}"
EndProject
Global
	GlobalSection(SolutionConfigurationPlatforms) = preSolution
		Debug|Any CPU = Debug|Any CPU
		Release|Any CPU = Release|Any CPU
	EndGlobalSection
	GlobalSection(ProjectConfigurationPlatforms) = postSolution
		{5854666F-AA31-489C-BD8A-9FB1BFE7E045}.Debug|Any CPU.ActiveCfg = Debug|Any CPU
		{5854666F-AA31-489C-BD8A-9FB1BFE7E045}.Debug|Any CPU.Build.0 = Debug|Any CPU
		{5854666F-AA31-489C-BD8A-9FB1BFE7E045}.Release|Any CPU.ActiveCfg = Release|Any CPU
		{5854666F-AA31-489C-BD8A-9FB1BFE7E045}.Release|Any CPU.Build.0 = Release|Any CPU
		{BC15FF3E-9A19-4D8C-811C-EB563D1091F3}.Debug|Any CPU.ActiveCfg = Debug|Any CPU
		{BC15FF3E-9A19-4D8C-811C-EB563D1091F3}.Debug|Any CPU.Build.0 = Debug|Any CPU
		{BC15FF3E-9A19-4D8C-811C-EB563D1091F3}.Release|Any CPU.ActiveCfg = Release|Any CPU
		{BC15FF3E-9A19-4D8C-811C-EB563D1091F3}.Release|Any CPU.Build.0 = Release|Any CPU
		{C6504EC4-D416-492C-A774-AFB6B17A51B4}.Debug|Any CPU.ActiveCfg = Debug|Any CPU
		{C6504EC4-D416-492C-A774-AFB6B17A51B4}.Debug|Any CPU.Build.0 = Debug|Any CPU
		{C6504EC4-D416-492C-A774-AFB6B17A51B4}.Release|Any CPU.ActiveCfg = Release|Any CPU
		{C6504EC4-D416-492C-A774-AFB6B17A51B4}.Release|Any CPU.Build.0 = Release|Any CPU
	EndGlobalSection
	GlobalSection(SolutionProperties) = preSolution
		HideSolutionNode = FALSE
	EndGlobalSection
	GlobalSection(ExtensibilityGlobals) = postSolution
		SolutionGuid = {BBEBF8E7-3F88-4D6D-9954-1192C9D436DD}
	EndGlobalSection
EndGlobal
